
Microsoft Visual Studio Solution File, Format Version 12.00
# Visual Studio Version 17
VisualStudioVersion = 17.1.32328.378
MinimumVisualStudioVersion = 10.0.40219.1
Project("{FAE04EC0-301F-11D3-BF4B-00C04F79EFBC}") = "MenuMaster_Keranjang", "MenuMaster_Keranjang\MenuMaster_Keranjang.csproj", "{F66CD423-9A83-481C-83EC-7BC4EB5ECA95}"
EndProject
Project("{FAE04EC0-301F-11D3-BF4B-00C04F79EFBC}") = "testKeranjang", "UnitTestResty\testKeranjang.csproj", "{C9AD84B4-52FB-473C-B57D-5B62BFD9E1C1}"
EndProject
Global
	GlobalSection(SolutionConfigurationPlatforms) = preSolution
		Debug|Any CPU = Debug|Any CPU
		Release|Any CPU = Release|Any CPU
	EndGlobalSection
	GlobalSection(ProjectConfigurationPlatforms) = postSolution
		{F66CD423-9A83-481C-83EC-7BC4EB5ECA95}.Debug|Any CPU.ActiveCfg = Debug|Any CPU
		{F66CD423-9A83-481C-83EC-7BC4EB5ECA95}.Debug|Any CPU.Build.0 = Debug|Any CPU
		{F66CD423-9A83-481C-83EC-7BC4EB5ECA95}.Release|Any CPU.ActiveCfg = Release|Any CPU
		{F66CD423-9A83-481C-83EC-7BC4EB5ECA95}.Release|Any CPU.Build.0 = Release|Any CPU
		{C9AD84B4-52FB-473C-B57D-5B62BFD9E1C1}.Debug|Any CPU.ActiveCfg = Debug|Any CPU
		{C9AD84B4-52FB-473C-B57D-5B62BFD9E1C1}.Debug|Any CPU.Build.0 = Debug|Any CPU
		{C9AD84B4-52FB-473C-B57D-5B62BFD9E1C1}.Release|Any CPU.ActiveCfg = Release|Any CPU
		{C9AD84B4-52FB-473C-B57D-5B62BFD9E1C1}.Release|Any CPU.Build.0 = Release|Any CPU
	EndGlobalSection
	GlobalSection(SolutionProperties) = preSolution
		HideSolutionNode = FALSE
	EndGlobalSection
	GlobalSection(ExtensibilityGlobals) = postSolution
		SolutionGuid = {72568D87-B140-4369-97AB-370943DD793C}
	EndGlobalSection
EndGlobal
